
Microsoft Visual Studio Solution File, Format Version 12.00
# Visual Studio Version 17
VisualStudioVersion = 17.3.32901.215
MinimumVisualStudioVersion = 10.0.40219.1
Project("{9A19103F-16F7-4668-BE54-9A1E7A4F7556}") = "社区自助矫正系统WPF", "社区自助矫正系统WPF\社区自助矫正系统WPF.csproj", "{0A83B7F0-C042-4C43-B32A-7FF57D868F67}"
EndProject
Project("{FAE04EC0-301F-11D3-BF4B-00C04F79EFBC}") = "InterfaceReturnEntity", "InterfaceReturnEntity\InterfaceReturnEntity.csproj", "{0C09DF83-34E2-4691-80A7-624D44540D9A}"
EndProject
Project("{9A19103F-16F7-4668-BE54-9A1E7A4F7556}") = "InterFaceRequestInfo", "InterFaceRequestInfo\InterFaceRequestInfo.csproj", "{0BAF21FF-E0CA-4810-BB93-5EB6F4494C95}"
EndProject
Project("{FAE04EC0-301F-11D3-BF4B-00C04F79EFBC}") = "RainHelper", "RainHelper\RainHelper.csproj", "{0B8277F4-270E-436B-8B54-4983D4D39CF2}"
EndProject
Project("{FAE04EC0-301F-11D3-BF4B-00C04F79EFBC}") = "HelperUnit", "HelperUnit\HelperUnit.csproj", "{A1FCB16B-2FAF-41AA-9A3C-679150839574}"
EndProject
Project("{9A19103F-16F7-4668-BE54-9A1E7A4F7556}") = "Authorization", "Authorization\Authorization.csproj", "{91BF1046-4FBE-4DDA-BB68-CC9FAFBF785E}"
EndProject
Project("{FAE04EC0-301F-11D3-BF4B-00C04F79EFBC}") = "ZKFinger", "ZKFinger\ZKFinger.csproj", "{5F4C3047-863D-42CF-A992-B8DA2BCA671B}"
EndProject
Project("{FAE04EC0-301F-11D3-BF4B-00C04F79EFBC}") = "ZKFingerLive20R", "ZKFingerLive20R\ZKFingerLive20R.csproj", "{866DA6AF-7ACA-4E2F-972F-CB4F371A6220}"
EndProject
Project("{9A19103F-16F7-4668-BE54-9A1E7A4F7556}") = "InterFaceRequestInfoService", "InterFaceRequestInfoService\InterFaceRequestInfoService.csproj", "{652A49B4-476B-4621-8BCD-9E5A407BC7AF}"
EndProject
Global
	GlobalSection(SolutionConfigurationPlatforms) = preSolution
		Debug|Any CPU = Debug|Any CPU
		Debug|x64 = Debug|x64
		Debug|x86 = Debug|x86
		Release|Any CPU = Release|Any CPU
		Release|x64 = Release|x64
		Release|x86 = Release|x86
	EndGlobalSection
	GlobalSection(ProjectConfigurationPlatforms) = postSolution
		{0A83B7F0-C042-4C43-B32A-7FF57D868F67}.Debug|Any CPU.ActiveCfg = Debug|x86
		{0A83B7F0-C042-4C43-B32A-7FF57D868F67}.Debug|Any CPU.Build.0 = Debug|x86
		{0A83B7F0-C042-4C43-B32A-7FF57D868F67}.Debug|x64.ActiveCfg = Debug|x86
		{0A83B7F0-C042-4C43-B32A-7FF57D868F67}.Debug|x64.Build.0 = Debug|x86
		{0A83B7F0-C042-4C43-B32A-7FF57D868F67}.Debug|x86.ActiveCfg = Debug|Any CPU
		{0A83B7F0-C042-4C43-B32A-7FF57D868F67}.Debug|x86.Build.0 = Debug|Any CPU
		{0A83B7F0-C042-4C43-B32A-7FF57D868F67}.Release|Any CPU.ActiveCfg = Release|Any CPU
		{0A83B7F0-C042-4C43-B32A-7FF57D868F67}.Release|Any CPU.Build.0 = Release|Any CPU
		{0A83B7F0-C042-4C43-B32A-7FF57D868F67}.Release|x64.ActiveCfg = Release|Any CPU
		{0A83B7F0-C042-4C43-B32A-7FF57D868F67}.Release|x64.Build.0 = Release|Any CPU
		{0A83B7F0-C042-4C43-B32A-7FF57D868F67}.Release|x86.ActiveCfg = Release|x86
		{0A83B7F0-C042-4C43-B32A-7FF57D868F67}.Release|x86.Build.0 = Release|x86
		{0C09DF83-34E2-4691-80A7-624D44540D9A}.Debug|Any CPU.ActiveCfg = Debug|Any CPU
		{0C09DF83-34E2-4691-80A7-624D44540D9A}.Debug|Any CPU.Build.0 = Debug|Any CPU
		{0C09DF83-34E2-4691-80A7-624D44540D9A}.Debug|x64.ActiveCfg = Debug|Any CPU
		{0C09DF83-34E2-4691-80A7-624D44540D9A}.Debug|x64.Build.0 = Debug|Any CPU
		{0C09DF83-34E2-4691-80A7-624D44540D9A}.Debug|x86.ActiveCfg = Debug|Any CPU
		{0C09DF83-34E2-4691-80A7-624D44540D9A}.Debug|x86.Build.0 = Debug|Any CPU
		{0C09DF83-34E2-4691-80A7-624D44540D9A}.Release|Any CPU.ActiveCfg = Release|Any CPU
		{0C09DF83-34E2-4691-80A7-624D44540D9A}.Release|Any CPU.Build.0 = Release|Any CPU
		{0C09DF83-34E2-4691-80A7-624D44540D9A}.Release|x64.ActiveCfg = Release|Any CPU
		{0C09DF83-34E2-4691-80A7-624D44540D9A}.Release|x64.Build.0 = Release|Any CPU
		{0C09DF83-34E2-4691-80A7-624D44540D9A}.Release|x86.ActiveCfg = Release|Any CPU
		{0C09DF83-34E2-4691-80A7-624D44540D9A}.Release|x86.Build.0 = Release|Any CPU
		{0BAF21FF-E0CA-4810-BB93-5EB6F4494C95}.Debug|Any CPU.ActiveCfg = Debug|Any CPU
		{0BAF21FF-E0CA-4810-BB93-5EB6F4494C95}.Debug|Any CPU.Build.0 = Debug|Any CPU
		{0BAF21FF-E0CA-4810-BB93-5EB6F4494C95}.Debug|x64.ActiveCfg = Debug|Any CPU
		{0BAF21FF-E0CA-4810-BB93-5EB6F4494C95}.Debug|x64.Build.0 = Debug|Any CPU
		{0BAF21FF-E0CA-4810-BB93-5EB6F4494C95}.Debug|x86.ActiveCfg = Debug|Any CPU
		{0BAF21FF-E0CA-4810-BB93-5EB6F4494C95}.Debug|x86.Build.0 = Debug|Any CPU
		{0BAF21FF-E0CA-4810-BB93-5EB6F4494C95}.Release|Any CPU.ActiveCfg = Release|Any CPU
		{0BAF21FF-E0CA-4810-BB93-5EB6F4494C95}.Release|Any CPU.Build.0 = Release|Any CPU
		{0BAF21FF-E0CA-4810-BB93-5EB6F4494C95}.Release|x64.ActiveCfg = Release|Any CPU
		{0BAF21FF-E0CA-4810-BB93-5EB6F4494C95}.Release|x64.Build.0 = Release|Any CPU
		{0BAF21FF-E0CA-4810-BB93-5EB6F4494C95}.Release|x86.ActiveCfg = Release|Any CPU
		{0BAF21FF-E0CA-4810-BB93-5EB6F4494C95}.Release|x86.Build.0 = Release|Any CPU
		{0B8277F4-270E-436B-8B54-4983D4D39CF2}.Debug|Any CPU.ActiveCfg = Debug|Any CPU
		{0B8277F4-270E-436B-8B54-4983D4D39CF2}.Debug|Any CPU.Build.0 = Debug|Any CPU
		{0B8277F4-270E-436B-8B54-4983D4D39CF2}.Debug|x64.ActiveCfg = Debug|x64
		{0B8277F4-270E-436B-8B54-4983D4D39CF2}.Debug|x64.Build.0 = Debug|x64
		{0B8277F4-270E-436B-8B54-4983D4D39CF2}.Debug|x86.ActiveCfg = Debug|Any CPU
		{0B8277F4-270E-436B-8B54-4983D4D39CF2}.Debug|x86.Build.0 = Debug|Any CPU
		{0B8277F4-270E-436B-8B54-4983D4D39CF2}.Release|Any CPU.ActiveCfg = Release|Any CPU
		{0B8277F4-270E-436B-8B54-4983D4D39CF2}.Release|Any CPU.Build.0 = Release|Any CPU
		{0B8277F4-270E-436B-8B54-4983D4D39CF2}.Release|x64.ActiveCfg = Release|x64
		{0B8277F4-270E-436B-8B54-4983D4D39CF2}.Release|x64.Build.0 = Release|x64
		{0B8277F4-270E-436B-8B54-4983D4D39CF2}.Release|x86.ActiveCfg = Release|Any CPU
		{0B8277F4-270E-436B-8B54-4983D4D39CF2}.Release|x86.Build.0 = Release|Any CPU
		{A1FCB16B-2FAF-41AA-9A3C-679150839574}.Debug|Any CPU.ActiveCfg = Debug|Any CPU
		{A1FCB16B-2FAF-41AA-9A3C-679150839574}.Debug|Any CPU.Build.0 = Debug|Any CPU
		{A1FCB16B-2FAF-41AA-9A3C-679150839574}.Debug|x64.ActiveCfg = Debug|Any CPU
		{A1FCB16B-2FAF-41AA-9A3C-679150839574}.Debug|x64.Build.0 = Debug|Any CPU
		{A1FCB16B-2FAF-41AA-9A3C-679150839574}.Debug|x86.ActiveCfg = Debug|Any CPU
		{A1FCB16B-2FAF-41AA-9A3C-679150839574}.Debug|x86.Build.0 = Debug|Any CPU
		{A1FCB16B-2FAF-41AA-9A3C-679150839574}.Release|Any CPU.ActiveCfg = Release|Any CPU
		{A1FCB16B-2FAF-41AA-9A3C-679150839574}.Release|Any CPU.Build.0 = Release|Any CPU
		{A1FCB16B-2FAF-41AA-9A3C-679150839574}.Release|x64.ActiveCfg = Release|Any CPU
		{A1FCB16B-2FAF-41AA-9A3C-679150839574}.Release|x64.Build.0 = Release|Any CPU
		{A1FCB16B-2FAF-41AA-9A3C-679150839574}.Release|x86.ActiveCfg = Release|Any CPU
		{A1FCB16B-2FAF-41AA-9A3C-679150839574}.Release|x86.Build.0 = Release|Any CPU
		{91BF1046-4FBE-4DDA-BB68-CC9FAFBF785E}.Debug|Any CPU.ActiveCfg = Debug|Any CPU
		{91BF1046-4FBE-4DDA-BB68-CC9FAFBF785E}.Debug|Any CPU.Build.0 = Debug|Any CPU
		{91BF1046-4FBE-4DDA-BB68-CC9FAFBF785E}.Debug|x64.ActiveCfg = Debug|Any CPU
		{91BF1046-4FBE-4DDA-BB68-CC9FAFBF785E}.Debug|x64.Build.0 = Debug|Any CPU
		{91BF1046-4FBE-4DDA-BB68-CC9FAFBF785E}.Debug|x86.ActiveCfg = Debug|Any CPU
		{91BF1046-4FBE-4DDA-BB68-CC9FAFBF785E}.Debug|x86.Build.0 = Debug|Any CPU
		{91BF1046-4FBE-4DDA-BB68-CC9FAFBF785E}.Release|Any CPU.ActiveCfg = Release|Any CPU
		{91BF1046-4FBE-4DDA-BB68-CC9FAFBF785E}.Release|Any CPU.Build.0 = Release|Any CPU
		{91BF1046-4FBE-4DDA-BB68-CC9FAFBF785E}.Release|x64.ActiveCfg = Release|Any CPU
		{91BF1046-4FBE-4DDA-BB68-CC9FAFBF785E}.Release|x64.Build.0 = Release|Any CPU
		{91BF1046-4FBE-4DDA-BB68-CC9FAFBF785E}.Release|x86.ActiveCfg = Release|Any CPU
		{91BF1046-4FBE-4DDA-BB68-CC9FAFBF785E}.Release|x86.Build.0 = Release|Any CPU
		{5F4C3047-863D-42CF-A992-B8DA2BCA671B}.Debug|Any CPU.ActiveCfg = Debug|Any CPU
		{5F4C3047-863D-42CF-A992-B8DA2BCA671B}.Debug|Any CPU.Build.0 = Debug|Any CPU
		{5F4C3047-863D-42CF-A992-B8DA2BCA671B}.Debug|x64.ActiveCfg = Debug|Any CPU
		{5F4C3047-863D-42CF-A992-B8DA2BCA671B}.Debug|x64.Build.0 = Debug|Any CPU
		{5F4C3047-863D-42CF-A992-B8DA2BCA671B}.Debug|x86.ActiveCfg = Debug|Any CPU
		{5F4C3047-863D-42CF-A992-B8DA2BCA671B}.Debug|x86.Build.0 = Debug|Any CPU
		{5F4C3047-863D-42CF-A992-B8DA2BCA671B}.Release|Any CPU.ActiveCfg = Release|Any CPU
		{5F4C3047-863D-42CF-A992-B8DA2BCA671B}.Release|Any CPU.Build.0 = Release|Any CPU
		{5F4C3047-863D-42CF-A992-B8DA2BCA671B}.Release|x64.ActiveCfg = Release|Any CPU
		{5F4C3047-863D-42CF-A992-B8DA2BCA671B}.Release|x64.Build.0 = Release|Any CPU
		{5F4C3047-863D-42CF-A992-B8DA2BCA671B}.Release|x86.ActiveCfg = Release|Any CPU
		{5F4C3047-863D-42CF-A992-B8DA2BCA671B}.Release|x86.Build.0 = Release|Any CPU
		{866DA6AF-7ACA-4E2F-972F-CB4F371A6220}.Debug|Any CPU.ActiveCfg = Debug|Any CPU
		{866DA6AF-7ACA-4E2F-972F-CB4F371A6220}.Debug|Any CPU.Build.0 = Debug|Any CPU
		{866DA6AF-7ACA-4E2F-972F-CB4F371A6220}.Debug|x64.ActiveCfg = Debug|Any CPU
		{866DA6AF-7ACA-4E2F-972F-CB4F371A6220}.Debug|x64.Build.0 = Debug|Any CPU
		{866DA6AF-7ACA-4E2F-972F-CB4F371A6220}.Debug|x86.ActiveCfg = Debug|Any CPU
		{866DA6AF-7ACA-4E2F-972F-CB4F371A6220}.Debug|x86.Build.0 = Debug|Any CPU
		{866DA6AF-7ACA-4E2F-972F-CB4F371A6220}.Release|Any CPU.ActiveCfg = Release|Any CPU
		{866DA6AF-7ACA-4E2F-972F-CB4F371A6220}.Release|Any CPU.Build.0 = Release|Any CPU
		{866DA6AF-7ACA-4E2F-972F-CB4F371A6220}.Release|x64.ActiveCfg = Release|Any CPU
		{866DA6AF-7ACA-4E2F-972F-CB4F371A6220}.Release|x64.Build.0 = Release|Any CPU
		{866DA6AF-7ACA-4E2F-972F-CB4F371A6220}.Release|x86.ActiveCfg = Release|Any CPU
		{866DA6AF-7ACA-4E2F-972F-CB4F371A6220}.Release|x86.Build.0 = Release|Any CPU
		{652A49B4-476B-4621-8BCD-9E5A407BC7AF}.Debug|Any CPU.ActiveCfg = Debug|Any CPU
		{652A49B4-476B-4621-8BCD-9E5A407BC7AF}.Debug|Any CPU.Build.0 = Debug|Any CPU
		{652A49B4-476B-4621-8BCD-9E5A407BC7AF}.Debug|x64.ActiveCfg = Debug|Any CPU
		{652A49B4-476B-4621-8BCD-9E5A407BC7AF}.Debug|x64.Build.0 = Debug|Any CPU
		{652A49B4-476B-4621-8BCD-9E5A407BC7AF}.Debug|x86.ActiveCfg = Debug|Any CPU
		{652A49B4-476B-4621-8BCD-9E5A407BC7AF}.Debug|x86.Build.0 = Debug|Any CPU
		{652A49B4-476B-4621-8BCD-9E5A407BC7AF}.Release|Any CPU.ActiveCfg = Release|Any CPU
		{652A49B4-476B-4621-8BCD-9E5A407BC7AF}.Release|Any CPU.Build.0 = Release|Any CPU
		{652A49B4-476B-4621-8BCD-9E5A407BC7AF}.Release|x64.ActiveCfg = Release|Any CPU
		{652A49B4-476B-4621-8BCD-9E5A407BC7AF}.Release|x64.Build.0 = Release|Any CPU
		{652A49B4-476B-4621-8BCD-9E5A407BC7AF}.Release|x86.ActiveCfg = Release|Any CPU
		{652A49B4-476B-4621-8BCD-9E5A407BC7AF}.Release|x86.Build.0 = Release|Any CPU
	EndGlobalSection
	GlobalSection(SolutionProperties) = preSolution
		HideSolutionNode = FALSE
	EndGlobalSection
	GlobalSection(ExtensibilityGlobals) = postSolution
		SolutionGuid = {2F23EA86-19E3-417A-BFBB-C78EE6ABDA70}
	EndGlobalSection
EndGlobal
